// !$*UTF8*$!
{
	archiveVersion = 1;
	classes = {
	};
	objectVersion = 46;
	objects = {

/* Begin PBXBuildFile section */
		268D994B1D7B2342005A1D78 /* AppDelegate.swift in Sources */ = {isa = PBXBuildFile; fileRef = 268D994A1D7B2342005A1D78 /* AppDelegate.swift */; };
		268D994D1D7B2342005A1D78 /* ViewController.swift in Sources */ = {isa = PBXBuildFile; fileRef = 268D994C1D7B2342005A1D78 /* ViewController.swift */; };
		268D99501D7B2342005A1D78 /* Main.storyboard in Resources */ = {isa = PBXBuildFile; fileRef = 268D994E1D7B2342005A1D78 /* Main.storyboard */; };
		268D99521D7B2342005A1D78 /* Assets.xcassets in Resources */ = {isa = PBXBuildFile; fileRef = 268D99511D7B2342005A1D78 /* Assets.xcassets */; };
		268D99551D7B2342005A1D78 /* LaunchScreen.storyboard in Resources */ = {isa = PBXBuildFile; fileRef = 268D99531D7B2342005A1D78 /* LaunchScreen.storyboard */; };
/* End PBXBuildFile section */

/* Begin PBXFileReference section */
		268D99471D7B2342005A1D78 /* HueLightDemo.app */ = {isa = PBXFileReference; explicitFileType = wrapper.application; includeInIndex = 0; path = HueLightDemo.app; sourceTree = BUILT_PRODUCTS_DIR; };
		268D994A1D7B2342005A1D78 /* AppDelegate.swift */ = {isa = PBXFileReference; lastKnownFileType = sourcecode.swift; path = AppDelegate.swift; sourceTree = "<group>"; };
		268D994C1D7B2342005A1D78 /* ViewController.swift */ = {isa = PBXFileReference; lastKnownFileType = sourcecode.swift; path = ViewController.swift; sourceTree = "<group>"; };
		268D994F1D7B2342005A1D78 /* Base */ = {isa = PBXFileReference; lastKnownFileType = file.storyboard; name = Base; path = Base.lproj/Main.storyboard; sourceTree = "<group>"; };
		268D99511D7B2342005A1D78 /* Assets.xcassets */ = {isa = PBXFileReference; lastKnownFileType = folder.assetcatalog; path = Assets.xcassets; sourceTree = "<group>"; };
		268D99541D7B2342005A1D78 /* Base */ = {isa = PBXFileReference; lastKnownFileType = file.storyboard; name = Base; path = Base.lproj/LaunchScreen.storyboard; sourceTree = "<group>"; };
		268D99561D7B2342005A1D78 /* Info.plist */ = {isa = PBXFileReference; lastKnownFileType = text.plist.xml; path = Info.plist; sourceTree = "<group>"; };
/* End PBXFileReference section */

/* Begin PBXFrameworksBuildPhase section */
		268D99441D7B2342005A1D78 /* Frameworks */ = {
			isa = PBXFrameworksBuildPhase;
			buildActionMask = 2147483647;
			files = (
			);
			runOnlyForDeploymentPostprocessing = 0;
		};
/* End PBXFrameworksBuildPhase section */

/* Begin PBXGroup section */
		268D993E1D7B2342005A1D78 = {
			isa = PBXGroup;
			children = (
				268D99491D7B2342005A1D78 /* HueLightDemo */,
				268D99481D7B2342005A1D78 /* Products */,
			);
			sourceTree = "<group>";
		};
		268D99481D7B2342005A1D78 /* Products */ = {
			isa = PBXGroup;
			children = (
				268D99471D7B2342005A1D78 /* HueLightDemo.app */,
			);
			name = Products;
			sourceTree = "<group>";
		};
		268D99491D7B2342005A1D78 /* HueLightDemo */ = {
			isa = PBXGroup;
			children = (
				268D994A1D7B2342005A1D78 /* AppDelegate.swift */,
				268D994C1D7B2342005A1D78 /* ViewController.swift */,
				268D994E1D7B2342005A1D78 /* Main.storyboard */,
				268D99511D7B2342005A1D78 /* Assets.xcassets */,
				268D99531D7B2342005A1D78 /* LaunchScreen.storyboard */,
				268D99561D7B2342005A1D78 /* Info.plist */,
			);
			path = HueLightDemo;
			sourceTree = "<group>";
		};
/* End PBXGroup section */

/* Begin PBXNativeTarget section */
		268D99461D7B2342005A1D78 /* HueLightDemo */ = {
			isa = PBXNativeTarget;
			buildConfigurationList = 268D99591D7B2342005A1D78 /* Build configuration list for PBXNativeTarget "HueLightDemo" */;
			buildPhases = (
				268D99431D7B2342005A1D78 /* Sources */,
				268D99441D7B2342005A1D78 /* Frameworks */,
				268D99451D7B2342005A1D78 /* Resources */,
			);
			buildRules = (
			);
			dependencies = (
			);
			name = HueLightDemo;
			productName = HueLightDemo;
			productReference = 268D99471D7B2342005A1D78 /* HueLightDemo.app */;
			productType = "com.apple.product-type.application";
		};
/* End PBXNativeTarget section */

/* Begin PBXProject section */
		268D993F1D7B2342005A1D78 /* Project object */ = {
			isa = PBXProject;
			attributes = {
				LastSwiftUpdateCheck = 0800;
				LastUpgradeCheck = 0800;
				ORGANIZATIONNAME = "Miguel Melendez";
				TargetAttributes = {
					268D99461D7B2342005A1D78 = {
						CreatedOnToolsVersion = 8.0;
						ProvisioningStyle = Automatic;
					};
				};
			};
			buildConfigurationList = 268D99421D7B2342005A1D78 /* Build configuration list for PBXProject "HueLightDemo" */;
			compatibilityVersion = "Xcode 3.2";
			developmentRegion = English;
			hasScannedForEncodings = 0;
			knownRegions = (
				en,
				Base,
			);
			mainGroup = 268D993E1D7B2342005A1D78;
			productRefGroup = 268D99481D7B2342005A1D78 /* Products */;
			projectDirPath = "";
			projectRoot = "";
			targets = (
				268D99461D7B2342005A1D78 /* HueLightDemo */,
			);
		};
/* End PBXProject section */

/* Begin PBXResourcesBuildPhase section */
		268D99451D7B2342005A1D78 /* Resources */ = {
			isa = PBXResourcesBuildPhase;
			buildActionMask = 2147483647;
			files = (
				268D99551D7B2342005A1D78 /* LaunchScreen.storyboard in Resources */,
				268D99521D7B2342005A1D78 /* Assets.xcassets in Resources */,
				268D99501D7B2342005A1D78 /* Main.storyboard in Resources */,
			);
			runOnlyForDeploymentPostprocessing = 0;
		};
/* End PBXResourcesBuildPhase section */

/* Begin PBXSourcesBuildPhase section */
		268D99431D7B2342005A1D78 /* Sources */ = {
			isa = PBXSourcesBuildPhase;
			buildActionMask = 2147483647;
			files = (
				268D994D1D7B2342005A1D78 /* ViewController.swift in Sources */,
				268D994B1D7B2342005A1D78 /* AppDelegate.swift in Sources */,
			);
			runOnlyForDeploymentPostprocessing = 0;
		};
/* End PBXSourcesBuildPhase section */

/* Begin PBXVariantGroup section */
		268D994E1D7B2342005A1D78 /* Main.storyboard */ = {
			isa = PBXVariantGroup;
			children = (
				268D994F1D7B2342005A1D78 /* Base */,
			);
			name = Main.storyboard;
			sourceTree = "<group>";
		};
		268D99531D7B2342005A1D78 /* LaunchScreen.storyboard */ = {
			isa = PBXVariantGroup;
			children = (
				268D99541D7B2342005A1D78 /* Base */,
			);
			name = LaunchScreen.storyboard;
			sourceTree = "<group>";
		};
/* End PBXVariantGroup section */

/* Begin XCBuildConfiguration section */
		268D99571D7B2342005A1D78 /* Debug */ = {
			isa = XCBuildConfiguration;
			buildSettings = {
				ALWAYS_SEARCH_USER_PATHS = NO;
				CLANG_ANALYZER_NONNULL = YES;
				CLANG_CXX_LANGUAGE_STANDARD = "gnu++0x";
				CLANG_CXX_LIBRARY = "libc++";
				CLANG_ENABLE_MODULES = YES;
				CLANG_ENABLE_OBJC_ARC = YES;
				CLANG_WARN_BOOL_CONVERSION = YES;
				CLANG_WARN_CONSTANT_CONVERSION = YES;
				CLANG_WARN_DIRECT_OBJC_ISA_USAGE = YES_ERROR;
				CLANG_WARN_DOCUMENTATION_COMMENTS = YES;
				CLANG_WARN_EMPTY_BODY = YES;
				CLANG_WARN_ENUM_CONVERSION = YES;
				CLANG_WARN_INFINITE_RECURSION = YES;
				CLANG_WARN_INT_CONVERSION = YES;
				CLANG_WARN_OBJC_ROOT_CLASS = YES_ERROR;
				CLANG_WARN_SUSPICIOUS_MOVES = YES;
				CLANG_WARN_UNREACHABLE_CODE = YES;
				CLANG_WARN__DUPLICATE_METHOD_MATCH = YES;
				"CODE_SIGN_IDENTITY[sdk=iphoneos*]" = "iPhone Developer";
				COPY_PHASE_STRIP = NO;
				DEBUG_INFORMATION_FORMAT = dwarf;
				ENABLE_STRICT_OBJC_MSGSEND = YES;
				ENABLE_TESTABILITY = YES;
				GCC_C_LANGUAGE_STANDARD = gnu99;
				GCC_DYNAMIC_NO_PIC = NO;
				GCC_NO_COMMON_BLOCKS = YES;
				GCC_OPTIMIZATION_LEVEL = 0;
				GCC_PREPROCESSOR_DEFINITIONS = (
					"DEBUG=1",
					"$(inherited)",
				);
				GCC_WARN_64_TO_32_BIT_CONVERSION = YES;
				GCC_WARN_ABOUT_RETURN_TYPE = YES_ERROR;
				GCC_WARN_UNDECLARED_SELECTOR = YES;
				GCC_WARN_UNINITIALIZED_AUTOS = YES_AGGRESSIVE;
				GCC_WARN_UNUSED_FUNCTION = YES;
				GCC_WARN_UNUSED_VARIABLE = YES;
				IPHONEOS_DEPLOYMENT_TARGET = 10.0;
				MTL_ENABLE_DEBUG_INFO = YES;
				ONLY_ACTIVE_ARCH = YES;
				SDKROOT = iphoneos;
				SWIFT_ACTIVE_COMPILATION_CONDITIONS = DEBUG;
				SWIFT_OPTIMIZATION_LEVEL = "-Onone";
				TARGETED_DEVICE_FAMILY = "1,2";
			};
			name = Debug;
		};
		268D99581D7B2342005A1D78 /* Release */ = {
			isa = XCBuildConfiguration;
			buildSettings = {
				ALWAYS_SEARCH_USER_PATHS = NO;
				CLANG_ANALYZER_NONNULL = YES;
				CLANG_CXX_LANGUAGE_STANDARD = "gnu++0x";
				CLANG_CXX_LIBRARY = "libc++";
				CLANG_ENABLE_MODULES = YES;
				CLANG_ENABLE_OBJC_ARC = YES;
				CLANG_WARN_BOOL_CONVERSION = YES;
				CLANG_WARN_CONSTANT_CONVERSION = YES;
				CLANG_WARN_DIRECT_OBJC_ISA_USAGE = YES_ERROR;
				CLANG_WARN_DOCUMENTATION_COMMENTS = YES;
				CLANG_WARN_EMPTY_BODY = YES;
				CLANG_WARN_ENUM_CONVERSION = YES;
				CLANG_WARN_INFINITE_RECURSION = YES;
				CLANG_WARN_INT_CONVERSION = YES;
				CLANG_WARN_OBJC_ROOT_CLASS = YES_ERROR;
				CLANG_WARN_SUSPICIOUS_MOVES = YES;
				CLANG_WARN_UNREACHABLE_CODE = YES;
				CLANG_WARN__DUPLICATE_METHOD_MATCH = YES;
				"CODE_SIGN_IDENTITY[sdk=iphoneos*]" = "iPhone Developer";
				COPY_PHASE_STRIP = NO;
				DEBUG_INFORMATION_FORMAT = "dwarf-with-dsym";
				ENABLE_NS_ASSERTIONS = NO;
				ENABLE_STRICT_OBJC_MSGSEND = YES;
				GCC_C_LANGUAGE_STANDARD = gnu99;
				GCC_NO_COMMON_BLOCKS = YES;
				GCC_WARN_64_TO_32_BIT_CONVERSION = YES;
				GCC_WARN_ABOUT_RETURN_TYPE = YES_ERROR;
				GCC_WARN_UNDECLARED_SELECTOR = YES;
				GCC_WARN_UNINITIALIZED_AUTOS = YES_AGGRESSIVE;
				GCC_WARN_UNUSED_FUNCTION = YES;
				GCC_WARN_UNUSED_VARIABLE = YES;
				IPHONEOS_DEPLOYMENT_TARGET = 10.0;
				MTL_ENABLE_DEBUG_INFO = NO;
				SDKROOT = iphoneos;
				SWIFT_OPTIMIZATION_LEVEL = "-Owholemodule";
				TARGETED_DEVICE_FAMILY = "1,2";
				VALIDATE_PRODUCT = YES;
			};
			name = Release;
		};
		268D995A1D7B2342005A1D78 /* Debug */ = {
			isa = XCBuildConfiguration;
			buildSettings = {
				ASSETCATALOG_COMPILER_APPICON_NAME = AppIcon;
				INFOPLIST_FILE = HueLightDemo/Info.plist;
				LD_RUNPATH_SEARCH_PATHS = "$(inherited) @executable_path/Frameworks";
				PRODUCT_BUNDLE_IDENTIFIER = miguelmelendezcalero.CoreDataCoursera.HueLightDemo;
				PRODUCT_NAME = "$(TARGET_NAME)";
				SWIFT_VERSION = 3.0;
			};
			name = Debug;
		};
		268D995B1D7B2342005A1D78 /* Release */ = {
			isa = XCBuildConfiguration;
			buildSettings = {
				ASSETCATALOG_COMPILER_APPICON_NAME = AppIcon;
				INFOPLIST_FILE = HueLightDemo/Info.plist;
				LD_RUNPATH_SEARCH_PATHS = "$(inherited) @executable_path/Frameworks";
				PRODUCT_BUNDLE_IDENTIFIER = miguelmelendezcalero.CoreDataCoursera.HueLightDemo;
				PRODUCT_NAME = "$(TARGET_NAME)";
				SWIFT_VERSION = 3.0;
			};
			name = Release;
		};
/* End XCBuildConfiguration section */

/* Begin XCConfigurationList section */
		268D99421D7B2342005A1D78 /* Build configuration list for PBXProject "HueLightDemo" */ = {
			isa = XCConfigurationList;
			buildConfigurations = (
				268D99571D7B2342005A1D78 /* Debug */,
				268D99581D7B2342005A1D78 /* Release */,
			);
			defaultConfigurationIsVisible = 0;
			defaultConfigurationName = Release;
		};
		268D99591D7B2342005A1D78 /* Build configuration list for PBXNativeTarget "HueLightDemo" */ = {
			isa = XCConfigurationList;
			buildConfigurations = (
				268D995A1D7B2342005A1D78 /* Debug */,
				268D995B1D7B2342005A1D78 /* Release */,
			);
			defaultConfigurationIsVisible = 0;
		};
/* End XCConfigurationList section */
	};
	rootObject = 268D993F1D7B2342005A1D78 /* Project object */;
}
